
Microsoft Visual Studio Solution File, Format Version 12.00
# Visual Studio Version 16
VisualStudioVersion = 16.0.30907.101
MinimumVisualStudioVersion = 10.0.40219.1
Project("{FAE04EC0-301F-11D3-BF4B-00C04F79EFBC}") = "Yinka.Healthprofile", "Yinka.Healthprofile.csproj", "{1041C7C1-BC25-433D-98E2-4161B0E85D40}"
EndProject
Global
	GlobalSection(SolutionConfigurationPlatforms) = preSolution
		Debug|Any CPU = Debug|Any CPU
		Release|Any CPU = Release|Any CPU
	EndGlobalSection
	GlobalSection(ProjectConfigurationPlatforms) = postSolution
		{1041C7C1-BC25-433D-98E2-4161B0E85D40}.Debug|Any CPU.ActiveCfg = Debug|Any CPU
		{1041C7C1-BC25-433D-98E2-4161B0E85D40}.Debug|Any CPU.Build.0 = Debug|Any CPU
		{1041C7C1-BC25-433D-98E2-4161B0E85D40}.Release|Any CPU.ActiveCfg = Release|Any CPU
		{1041C7C1-BC25-433D-98E2-4161B0E85D40}.Release|Any CPU.Build.0 = Release|Any CPU
	EndGlobalSection
	GlobalSection(SolutionProperties) = preSolution
		HideSolutionNode = FALSE
	EndGlobalSection
	GlobalSection(ExtensibilityGlobals) = postSolution
		SolutionGuid = {FC995342-DB8E-475D-A035-518D81CD4A25}
	EndGlobalSection
EndGlobal
